
Microsoft Visual Studio Solution File, Format Version 12.00
# Visual Studio Version 17
VisualStudioVersion = 17.14.37502.11 d17.14
MinimumVisualStudioVersion = 10.0.40219.1
Project("{FAE04EC0-301F-11D3-BF4B-00C04F79EFBC}") = "TiaFds.Core", "TiaFds.Core\TiaFds.Core.csproj", "{ED9EC4D7-BCF7-4FCC-A05F-7638C76556C3}"
EndProject
Project("{FAE04EC0-301F-11D3-BF4B-00C04F79EFBC}") = "TiaFds.Openness", "TiaFds.Openness\TiaFds.Openness.csproj", "{246E16EA-B61A-4D76-9EB9-49AA326E4E15}"
EndProject
Project("{FAE04EC0-301F-11D3-BF4B-00C04F79EFBC}") = "TiaFds.Cli", "TiaFds.Cli\TiaFds.Cli.csproj", "{C63A93C5-5D47-4F42-B77D-4AED61DC731E}"
EndProject
Global
	GlobalSection(SolutionConfigurationPlatforms) = preSolution
		Debug|Any CPU = Debug|Any CPU
		Release|Any CPU = Release|Any CPU
	EndGlobalSection
	GlobalSection(ProjectConfigurationPlatforms) = postSolution
		{ED9EC4D7-BCF7-4FCC-A05F-7638C76556C3}.Debug|Any CPU.ActiveCfg = Debug|Any CPU
		{ED9EC4D7-BCF7-4FCC-A05F-7638C76556C3}.Debug|Any CPU.Build.0 = Debug|Any CPU
		{ED9EC4D7-BCF7-4FCC-A05F-7638C76556C3}.Release|Any CPU.ActiveCfg = Release|Any CPU
		{ED9EC4D7-BCF7-4FCC-A05F-7638C76556C3}.Release|Any CPU.Build.0 = Release|Any CPU
		{246E16EA-B61A-4D76-9EB9-49AA326E4E15}.Debug|Any CPU.ActiveCfg = Debug|Any CPU
		{246E16EA-B61A-4D76-9EB9-49AA326E4E15}.Debug|Any CPU.Build.0 = Debug|Any CPU
		{246E16EA-B61A-4D76-9EB9-49AA326E4E15}.Release|Any CPU.ActiveCfg = Release|Any CPU
		{246E16EA-B61A-4D76-9EB9-49AA326E4E15}.Release|Any CPU.Build.0 = Release|Any CPU
		{C63A93C5-5D47-4F42-B77D-4AED61DC731E}.Debug|Any CPU.ActiveCfg = Debug|Any CPU
		{C63A93C5-5D47-4F42-B77D-4AED61DC731E}.Debug|Any CPU.Build.0 = Debug|Any CPU
		{C63A93C5-5D47-4F42-B77D-4AED61DC731E}.Release|Any CPU.ActiveCfg = Release|Any CPU
		{C63A93C5-5D47-4F42-B77D-4AED61DC731E}.Release|Any CPU.Build.0 = Release|Any CPU
	EndGlobalSection
	GlobalSection(SolutionProperties) = preSolution
		HideSolutionNode = FALSE
	EndGlobalSection
	GlobalSection(ExtensibilityGlobals) = postSolution
		SolutionGuid = {A2F28C3F-6886-49C7-89E5-789261F45BEA}
	EndGlobalSection
EndGlobal
